<?xml version="1.0" encoding="utf-8"?>
<Project ToolsVersion="4.0" xmlns="http://schemas.microsoft.com/developer/msbuild/2003">
  <ItemGroup>
    <Filter Include="Source Files">
      <UniqueIdentifier>{4FC737F1-C7A5-4376-A066-2A32D752A2FF}</UniqueIdentifier>
      <Extensions>cpp;c;cc;cxx;def;odl;idl;hpj;bat;asm;asmx</Extensions>
    </Filter>
    <Filter Include="Header Files">
      <UniqueIdentifier>{93995380-89BD-4b04-88EB-625FBE52EBFB}</UniqueIdentifier>
      <Extensions>h;hh;hpp;hxx;hm;inl;inc;xsd</Extensions>
    </Filter>
    <Filter Include="Resource Files">
      <UniqueIdentifier>{67DA6AB6-F800-4c08-8B7A-83BB121AAD01}</UniqueIdentifier>
      <Extensions>rc;ico;cur;bmp;dlg;rc2;rct;bin;rgs;gif;jpg;jpeg;jpe;resx;tiff;tif;png;wav;mfcribbon-ms</Extensions>
    </Filter>
    <Filter Include="FX">
      <UniqueIdentifier>{9b811ae8-93f7-4762-b34d-3887102a6248}</UniqueIdentifier>
    </Filter>
    <Filter Include="Common">
      <UniqueIdentifier>{6b56836f-4f7e-4293-88c9-a5cd6794c6c3}</UniqueIdentifier>
    </Filter>
  </ItemGroup>
  <ItemGroup>
    <ClCompile Include="..\..\Sample\Common\Camera.cpp">
      <Filter>Common</Filter>
    </ClCompile>
    <ClCompile Include="..\..\Sample\Common\d3dApp.cpp">
      <Filter>Common</Filter>
    </ClCompile>
    <ClCompile Include="..\..\Sample\Common\d3dUtil.cpp">
      <Filter>Common</Filter>
    </ClCompile>
    <ClCompile Include="..\..\Sample\Common\GameTimer.cpp">
      <Filter>Common</Filter>
    </ClCompile>
    <ClCompile Include="..\..\Sample\Common\GeometryGenerator.cpp">
      <Filter>Common</Filter>
    </ClCompile>
    <ClCompile Include="..\..\Sample\Common\LightHelper.cpp">
      <Filter>Common</Filter>
    </ClCompile>
    <ClCompile Include="..\..\Sample\Common\MathHelper.cpp">
      <Filter>Common</Filter>
    </ClCompile>
    <ClCompile Include="..\..\Sample\Common\TextureMgr.cpp">
      <Filter>Common</Filter>
    </ClCompile>
    <ClCompile Include="..\..\Sample\Common\Waves.cpp">
      <Filter>Common</Filter>
    </ClCompile>
    <ClCompile Include="..\..\Sample\Common\xnacollision.cpp">
      <Filter>Common</Filter>
    </ClCompile>
    <ClCompile Include="BoxDemo.cpp">
      <Filter>Source Files</Filter>
    </ClCompile>
    <ClCompile Include="..\..\Sample\Common\dxerr.cpp">
      <Filter>Common</Filter>
    </ClCompile>
    <ClCompile Include="WinMain.cpp">
      <Filter>Source Files</Filter>
    </ClCompile>
  </ItemGroup>
  <ItemGroup>
    <ClInclude Include="..\..\Sample\Common\Camera.h">
      <Filter>Common</Filter>
    </ClInclude>
    <ClInclude Include="..\..\Sample\Common\d3dApp.h">
      <Filter>Common</Filter>
    </ClInclude>
    <ClInclude Include="..\..\Sample\Common\d3dUtil.h">
      <Filter>Common</Filter>
    </ClInclude>
    <ClInclude Include="..\..\Sample\Common\d3dx11effect.h">
      <Filter>Common</Filter>
    </ClInclude>
    <ClInclude Include="..\..\Sample\Common\GameTimer.h">
      <Filter>Common</Filter>
    </ClInclude>
    <ClInclude Include="..\..\Sample\Common\GeometryGenerator.h">
      <Filter>Common</Filter>
    </ClInclude>
    <ClInclude Include="..\..\Sample\Common\LightHelper.h">
      <Filter>Common</Filter>
    </ClInclude>
    <ClInclude Include="..\..\Sample\Common\MathHelper.h">
      <Filter>Common</Filter>
    </ClInclude>
    <ClInclude Include="..\..\Sample\Common\TextureMgr.h">
      <Filter>Common</Filter>
    </ClInclude>
    <ClInclude Include="..\..\Sample\Common\Waves.h">
      <Filter>Common</Filter>
    </ClInclude>
    <ClInclude Include="..\..\Sample\Common\xnacollision.h">
      <Filter>Common</Filter>
    </ClInclude>
    <ClInclude Include="..\..\Sample\Common\dxerr.h">
      <Filter>Common</Filter>
    </ClInclude>
  </ItemGroup>
  <ItemGroup>
    <FxCompile Include="FX\color.fx">
      <Filter>FX</Filter>
    </FxCompile>
  </ItemGroup>
</Project>